<Solution>
  <Folder Name="/Solution Items/">
    <File Path=".dockerignore" />
    <File Path="Dockerfile" />
    <File Path="NuGet.Config" />
  </Folder>
  <Project Path="api/AgentPlatform.Api.csproj">
    <BuildDependency Project="common/AgentPlatform.Common.csproj" />
  </Project>
  <Project Path="common/AgentPlatform.Common.csproj" />
  <Project Path="domain/AgentPlatform.Domain.csproj">
    <BuildDependency Project="common/AgentPlatform.Common.csproj" />
  </Project>
  <Project Path="application/AgentPlatform.Application.csproj">
    <BuildDependency Project="common/AgentPlatform.Common.csproj" />
  </Project>
  <Project Path="infrastructure/AgentPlatform.Infrastructure.csproj">
    <BuildDependency Project="common/AgentPlatform.Common.csproj" />
  </Project>
</Solution>